
Microsoft Visual Studio Solution File, Format Version 12.00
# Visual Studio 15
VisualStudioVersion = 15.0.28307.757
MinimumVisualStudioVersion = 10.0.40219.1
Project("{FAE04EC0-301F-11D3-BF4B-00C04F79EFBC}") = "CrackMe", "CrackMe.csproj", "{BC1C94F7-D6A7-46B7-A469-DFB02EBC7C8F}"
EndProject
Global
	GlobalSection(SolutionConfigurationPlatforms) = preSolution
		Debug|Any CPU = Debug|Any CPU
		Release|Any CPU = Release|Any CPU
	EndGlobalSection
	GlobalSection(ProjectConfigurationPlatforms) = postSolution
		{BC1C94F7-D6A7-46B7-A469-DFB02EBC7C8F}.Debug|Any CPU.ActiveCfg = Debug|Any CPU
		{BC1C94F7-D6A7-46B7-A469-DFB02EBC7C8F}.Debug|Any CPU.Build.0 = Debug|Any CPU
		{BC1C94F7-D6A7-46B7-A469-DFB02EBC7C8F}.Release|Any CPU.ActiveCfg = Release|Any CPU
		{BC1C94F7-D6A7-46B7-A469-DFB02EBC7C8F}.Release|Any CPU.Build.0 = Release|Any CPU
	EndGlobalSection
	GlobalSection(SolutionProperties) = preSolution
		HideSolutionNode = FALSE
	EndGlobalSection
	GlobalSection(ExtensibilityGlobals) = postSolution
		SolutionGuid = {9685E0DE-F6BA-465A-9E16-8D3CE40E94A9}
	EndGlobalSection
EndGlobal
